
Microsoft Visual Studio Solution File, Format Version 12.00
# Visual Studio Version 16
VisualStudioVersion = 16.0.30523.141
MinimumVisualStudioVersion = 10.0.40219.1
Project("{888888A0-9F3D-457C-B088-3A5042F75D52}") = "SteamAvatarHarvester", "SteamAvatarHarvester.pyproj", "{59A8616D-0C0E-4F9E-8329-4D5413502BB6}"
EndProject
Global
	GlobalSection(SolutionConfigurationPlatforms) = preSolution
		Debug|Any CPU = Debug|Any CPU
		Release|Any CPU = Release|Any CPU
	EndGlobalSection
	GlobalSection(ProjectConfigurationPlatforms) = postSolution
		{59A8616D-0C0E-4F9E-8329-4D5413502BB6}.Debug|Any CPU.ActiveCfg = Debug|Any CPU
		{59A8616D-0C0E-4F9E-8329-4D5413502BB6}.Release|Any CPU.ActiveCfg = Release|Any CPU
	EndGlobalSection
	GlobalSection(SolutionProperties) = preSolution
		HideSolutionNode = FALSE
	EndGlobalSection
	GlobalSection(ExtensibilityGlobals) = postSolution
		SolutionGuid = {E58AFE34-0E99-459C-9453-F10044344EB7}
	EndGlobalSection
EndGlobal
